{
  "name": "onlinefreshkiteTwentyNpmtest",
  "lockfileVersion": 3,
  "requires": true,
  "packages": {
    "": {
      "dependencies": {
        "freshkitetwenty": "^0.0.1"
      }
    },
    "node_modules/freshkitetwenty": {
      "version": "0.0.1",
      "resolved": "https://registry.npmjs.org/freshkitetwenty/-/freshkitetwenty-0.0.1.tgz",
      "integrity": "sha512-OSxhMdn7r/fIEfl5TcVYYV7RDd8oIjEVj6qN4pjDeacIF7d+gHw7b+Ahlwt5TsMVKr6Hw6ftooW7T66qQyuJFw==",
      "license": "MIT"
    }
  }
}
